{
  "nodes": {
    "fish": {
      "inputs": {
        "flake-utils": "flake-utils",
        "nixpkgs": [
          "nixpkgs"
        ]
      },
      "locked": {
        "lastModified": 1,
        "narHash": "sha256-gGrYsqDDTgIybdbTxKiF1usSUbiXASAowkz5wzqeoUQ=",
        "path": "./packages/fish/",
        "type": "path"
      },
      "original": {
        "path": "./packages/fish/",
        "type": "path"
      }
    },
    "flake-utils": {
      "locked": {
        "lastModified": 1678901627,
        "narHash": "sha256-U02riOqrKKzwjsxc/400XnElV+UtPUQWpANPlyazjH0=",
        "owner": "numtide",
        "repo": "flake-utils",
        "rev": "93a2b84fc4b70d9e089d029deacc3583435c2ed6",
        "type": "github"
      },
      "original": {
        "owner": "numtide",
        "repo": "flake-utils",
        "type": "github"
      }
    },
    "flake-utils_2": {
      "locked": {
        "lastModified": 1678901627,
        "narHash": "sha256-U02riOqrKKzwjsxc/400XnElV+UtPUQWpANPlyazjH0=",
        "owner": "numtide",
        "repo": "flake-utils",
        "rev": "93a2b84fc4b70d9e089d029deacc3583435c2ed6",
        "type": "github"
      },
      "original": {
        "owner": "numtide",
        "repo": "flake-utils",
        "type": "github"
      }
    },
    "flake-utils_3": {
      "locked": {
        "lastModified": 1678901627,
        "narHash": "sha256-U02riOqrKKzwjsxc/400XnElV+UtPUQWpANPlyazjH0=",
        "owner": "numtide",
        "repo": "flake-utils",
        "rev": "93a2b84fc4b70d9e089d029deacc3583435c2ed6",
        "type": "github"
      },
      "original": {
        "owner": "numtide",
        "repo": "flake-utils",
        "type": "github"
      }
    },
    "flake-utils_4": {
      "locked": {
        "lastModified": 1678901627,
        "narHash": "sha256-U02riOqrKKzwjsxc/400XnElV+UtPUQWpANPlyazjH0=",
        "owner": "numtide",
        "repo": "flake-utils",
        "rev": "93a2b84fc4b70d9e089d029deacc3583435c2ed6",
        "type": "github"
      },
      "original": {
        "owner": "numtide",
        "repo": "flake-utils",
        "type": "github"
      }
    },
    "neovim": {
      "inputs": {
        "flake-utils": "flake-utils_3",
        "nixpkgs": [
          "nixpkgs"
        ]
      },
      "locked": {
        "lastModified": 1,
        "narHash": "sha256-aPTuJl9zkfSSgDQKat4/s3sVJQF2jC6MSCzBiuBKuCs=",
        "path": "./packages/neovim/",
        "type": "path"
      },
      "original": {
        "path": "./packages/neovim/",
        "type": "path"
      }
    },
    "nixpkgs": {
      "locked": {
        "lastModified": 1679679161,
        "narHash": "sha256-weTfVvy077MKvm+62R3dj+EpL9u7xe/PTWWH8nDHYfM=",
        "owner": "NixOS",
        "repo": "nixpkgs",
        "rev": "e1fa54a56982c5874f6941703c8b760541e40db1",
        "type": "github"
      },
      "original": {
        "owner": "NixOS",
        "repo": "nixpkgs",
        "type": "github"
      }
    },
    "root": {
      "inputs": {
        "fish": "fish",
        "flake-utils": "flake-utils_2",
        "neovim": "neovim",
        "nixpkgs": "nixpkgs",
        "tmux": "tmux"
      }
    },
    "tmux": {
      "inputs": {
        "fish": [
          "fish"
        ],
        "flake-utils": "flake-utils_4",
        "nixpkgs": [
          "nixpkgs"
        ]
      },
      "locked": {
        "lastModified": 1,
        "narHash": "sha256-ZLw3uSEbgegGy3tf9kWQFGmnWwEBtI/vwOfXWmUBot8=",
        "path": "./packages/tmux/",
        "type": "path"
      },
      "original": {
        "path": "./packages/tmux/",
        "type": "path"
      }
    }
  },
  "root": "root",
  "version": 7
}
